
Microsoft Visual Studio Solution File, Format Version 11.00
# Visual Studio 2010
Project("{FAE04EC0-301F-11D3-BF4B-00C04F79EFBC}") = "Grimoire", "Grimoire\Grimoire.csproj", "{29271195-E9C0-4268-843A-A68CDB1228A2}"
EndProject
Project("{FAE04EC0-301F-11D3-BF4B-00C04F79EFBC}") = "Alice", "Alice\Alice.csproj", "{B52FB9CD-0856-498E-955B-C7B8EE4BD2F5}"
EndProject
Project("{FAE04EC0-301F-11D3-BF4B-00C04F79EFBC}") = "Test", "Test\Test.csproj", "{A682DB61-6F80-4AE8-B197-B0D72DDBBFD7}"
EndProject
Project("{FAE04EC0-301F-11D3-BF4B-00C04F79EFBC}") = "Goriath", "Goriath\Goriath.csproj", "{97836B8F-FE19-4979-8594-3776A8949EEF}"
EndProject
Global
	GlobalSection(SolutionConfigurationPlatforms) = preSolution
		Debug|x86 = Debug|x86
		Release|x86 = Release|x86
	EndGlobalSection
	GlobalSection(ProjectConfigurationPlatforms) = postSolution
		{29271195-E9C0-4268-843A-A68CDB1228A2}.Debug|x86.ActiveCfg = Debug|x86
		{29271195-E9C0-4268-843A-A68CDB1228A2}.Debug|x86.Build.0 = Debug|x86
		{29271195-E9C0-4268-843A-A68CDB1228A2}.Release|x86.ActiveCfg = Release|x86
		{29271195-E9C0-4268-843A-A68CDB1228A2}.Release|x86.Build.0 = Release|x86
		{97836B8F-FE19-4979-8594-3776A8949EEF}.Debug|x86.ActiveCfg = Debug|Any CPU
		{97836B8F-FE19-4979-8594-3776A8949EEF}.Debug|x86.Build.0 = Debug|Any CPU
		{97836B8F-FE19-4979-8594-3776A8949EEF}.Release|x86.ActiveCfg = Release|Any CPU
		{97836B8F-FE19-4979-8594-3776A8949EEF}.Release|x86.Build.0 = Release|Any CPU
		{A682DB61-6F80-4AE8-B197-B0D72DDBBFD7}.Debug|x86.ActiveCfg = Debug|x86
		{A682DB61-6F80-4AE8-B197-B0D72DDBBFD7}.Debug|x86.Build.0 = Debug|x86
		{A682DB61-6F80-4AE8-B197-B0D72DDBBFD7}.Release|x86.ActiveCfg = Release|x86
		{A682DB61-6F80-4AE8-B197-B0D72DDBBFD7}.Release|x86.Build.0 = Release|x86
		{B52FB9CD-0856-498E-955B-C7B8EE4BD2F5}.Debug|x86.ActiveCfg = Debug|x86
		{B52FB9CD-0856-498E-955B-C7B8EE4BD2F5}.Debug|x86.Build.0 = Debug|x86
		{B52FB9CD-0856-498E-955B-C7B8EE4BD2F5}.Release|x86.ActiveCfg = Release|x86
		{B52FB9CD-0856-498E-955B-C7B8EE4BD2F5}.Release|x86.Build.0 = Release|x86
	EndGlobalSection
	GlobalSection(MonoDevelopProperties) = preSolution
		StartupItem = Alice\Alice.csproj
		Policies = $0
		$0.DotNetNamingPolicy = $1
		$1.DirectoryNamespaceAssociation = None
		$1.ResourceNamePolicy = FileFormatDefault
		$0.StandardHeader = $2
		$2.Text = 
		$2.IncludeInNewFiles = True
	EndGlobalSection
EndGlobal
